// !$*UTF8*$!
{
	archiveVersion = 1;
	classes = {
	};
	objectVersion = 50;
	objects = {

/* Begin PBXBuildFile section */
		B77A608D2219ED3F00D48641 /* AppDelegate.swift in Sources */ = {isa = PBXBuildFile; fileRef = B77A608C2219ED3F00D48641 /* AppDelegate.swift */; };
		B77A608F2219ED3F00D48641 /* TasksViewController.swift in Sources */ = {isa = PBXBuildFile; fileRef = B77A608E2219ED3F00D48641 /* TasksViewController.swift */; };
		B77A60922219ED3F00D48641 /* Main.storyboard in Resources */ = {isa = PBXBuildFile; fileRef = B77A60902219ED3F00D48641 /* Main.storyboard */; };
		B77A60952219ED3F00D48641 /* Doit.xcdatamodeld in Sources */ = {isa = PBXBuildFile; fileRef = B77A60932219ED3F00D48641 /* Doit.xcdatamodeld */; };
		B77A60972219ED4000D48641 /* Assets.xcassets in Resources */ = {isa = PBXBuildFile; fileRef = B77A60962219ED4000D48641 /* Assets.xcassets */; };
		B77A609A2219ED4000D48641 /* LaunchScreen.storyboard in Resources */ = {isa = PBXBuildFile; fileRef = B77A60982219ED4000D48641 /* LaunchScreen.storyboard */; };
		B77A60A22219F0CE00D48641 /* Task.swift in Sources */ = {isa = PBXBuildFile; fileRef = B77A60A12219F0CE00D48641 /* Task.swift */; };
		B77A60A42219FD9300D48641 /* CreateTaskViewController.swift in Sources */ = {isa = PBXBuildFile; fileRef = B77A60A32219FD9300D48641 /* CreateTaskViewController.swift */; };
		B7C0C6D4221B1BBF00BAC896 /* CompleteTaskViewController.swift in Sources */ = {isa = PBXBuildFile; fileRef = B7C0C6D3221B1BBF00BAC896 /* CompleteTaskViewController.swift */; };
/* End PBXBuildFile section */

/* Begin PBXFileReference section */
		B77A60892219ED3F00D48641 /* Doit.app */ = {isa = PBXFileReference; explicitFileType = wrapper.application; includeInIndex = 0; path = Doit.app; sourceTree = BUILT_PRODUCTS_DIR; };
		B77A608C2219ED3F00D48641 /* AppDelegate.swift */ = {isa = PBXFileReference; lastKnownFileType = sourcecode.swift; path = AppDelegate.swift; sourceTree = "<group>"; };
		B77A608E2219ED3F00D48641 /* TasksViewController.swift */ = {isa = PBXFileReference; lastKnownFileType = sourcecode.swift; path = TasksViewController.swift; sourceTree = "<group>"; };
		B77A60912219ED3F00D48641 /* Base */ = {isa = PBXFileReference; lastKnownFileType = file.storyboard; name = Base; path = Base.lproj/Main.storyboard; sourceTree = "<group>"; };
		B77A60942219ED3F00D48641 /* Doit.xcdatamodel */ = {isa = PBXFileReference; lastKnownFileType = wrapper.xcdatamodel; path = Doit.xcdatamodel; sourceTree = "<group>"; };
		B77A60962219ED4000D48641 /* Assets.xcassets */ = {isa = PBXFileReference; lastKnownFileType = folder.assetcatalog; path = Assets.xcassets; sourceTree = "<group>"; };
		B77A60992219ED4000D48641 /* Base */ = {isa = PBXFileReference; lastKnownFileType = file.storyboard; name = Base; path = Base.lproj/LaunchScreen.storyboard; sourceTree = "<group>"; };
		B77A609B2219ED4000D48641 /* Info.plist */ = {isa = PBXFileReference; lastKnownFileType = text.plist.xml; path = Info.plist; sourceTree = "<group>"; };
		B77A60A12219F0CE00D48641 /* Task.swift */ = {isa = PBXFileReference; lastKnownFileType = sourcecode.swift; path = Task.swift; sourceTree = "<group>"; };
		B77A60A32219FD9300D48641 /* CreateTaskViewController.swift */ = {isa = PBXFileReference; lastKnownFileType = sourcecode.swift; path = CreateTaskViewController.swift; sourceTree = "<group>"; };
		B7C0C6D3221B1BBF00BAC896 /* CompleteTaskViewController.swift */ = {isa = PBXFileReference; lastKnownFileType = sourcecode.swift; path = CompleteTaskViewController.swift; sourceTree = "<group>"; };
/* End PBXFileReference section */

/* Begin PBXFrameworksBuildPhase section */
		B77A60862219ED3F00D48641 /* Frameworks */ = {
			isa = PBXFrameworksBuildPhase;
			buildActionMask = 2147483647;
			files = (
			);
			runOnlyForDeploymentPostprocessing = 0;
		};
/* End PBXFrameworksBuildPhase section */

/* Begin PBXGroup section */
		B77A60802219ED3E00D48641 = {
			isa = PBXGroup;
			children = (
				B77A608B2219ED3F00D48641 /* Doit */,
				B77A608A2219ED3F00D48641 /* Products */,
			);
			sourceTree = "<group>";
		};
		B77A608A2219ED3F00D48641 /* Products */ = {
			isa = PBXGroup;
			children = (
				B77A60892219ED3F00D48641 /* Doit.app */,
			);
			name = Products;
			sourceTree = "<group>";
		};
		B77A608B2219ED3F00D48641 /* Doit */ = {
			isa = PBXGroup;
			children = (
				B77A608C2219ED3F00D48641 /* AppDelegate.swift */,
				B77A608E2219ED3F00D48641 /* TasksViewController.swift */,
				B7C0C6D3221B1BBF00BAC896 /* CompleteTaskViewController.swift */,
				B77A60A32219FD9300D48641 /* CreateTaskViewController.swift */,
				B77A60A12219F0CE00D48641 /* Task.swift */,
				B77A60902219ED3F00D48641 /* Main.storyboard */,
				B77A60962219ED4000D48641 /* Assets.xcassets */,
				B77A60982219ED4000D48641 /* LaunchScreen.storyboard */,
				B77A609B2219ED4000D48641 /* Info.plist */,
				B77A60932219ED3F00D48641 /* Doit.xcdatamodeld */,
			);
			path = Doit;
			sourceTree = "<group>";
		};
/* End PBXGroup section */

/* Begin PBXNativeTarget section */
		B77A60882219ED3F00D48641 /* Doit */ = {
			isa = PBXNativeTarget;
			buildConfigurationList = B77A609E2219ED4000D48641 /* Build configuration list for PBXNativeTarget "Doit" */;
			buildPhases = (
				B77A60852219ED3F00D48641 /* Sources */,
				B77A60862219ED3F00D48641 /* Frameworks */,
				B77A60872219ED3F00D48641 /* Resources */,
			);
			buildRules = (
			);
			dependencies = (
			);
			name = Doit;
			productName = Doit;
			productReference = B77A60892219ED3F00D48641 /* Doit.app */;
			productType = "com.apple.product-type.application";
		};
/* End PBXNativeTarget section */

/* Begin PBXProject section */
		B77A60812219ED3E00D48641 /* Project object */ = {
			isa = PBXProject;
			attributes = {
				LastSwiftUpdateCheck = 1010;
				LastUpgradeCheck = 1010;
				ORGANIZATIONNAME = "George Andersen";
				TargetAttributes = {
					B77A60882219ED3F00D48641 = {
						CreatedOnToolsVersion = 10.1;
					};
				};
			};
			buildConfigurationList = B77A60842219ED3E00D48641 /* Build configuration list for PBXProject "Doit" */;
			compatibilityVersion = "Xcode 9.3";
			developmentRegion = en;
			hasScannedForEncodings = 0;
			knownRegions = (
				en,
				Base,
			);
			mainGroup = B77A60802219ED3E00D48641;
			productRefGroup = B77A608A2219ED3F00D48641 /* Products */;
			projectDirPath = "";
			projectRoot = "";
			targets = (
				B77A60882219ED3F00D48641 /* Doit */,
			);
		};
/* End PBXProject section */

/* Begin PBXResourcesBuildPhase section */
		B77A60872219ED3F00D48641 /* Resources */ = {
			isa = PBXResourcesBuildPhase;
			buildActionMask = 2147483647;
			files = (
				B77A609A2219ED4000D48641 /* LaunchScreen.storyboard in Resources */,
				B77A60972219ED4000D48641 /* Assets.xcassets in Resources */,
				B77A60922219ED3F00D48641 /* Main.storyboard in Resources */,
			);
			runOnlyForDeploymentPostprocessing = 0;
		};
/* End PBXResourcesBuildPhase section */

/* Begin PBXSourcesBuildPhase section */
		B77A60852219ED3F00D48641 /* Sources */ = {
			isa = PBXSourcesBuildPhase;
			buildActionMask = 2147483647;
			files = (
				B77A60A22219F0CE00D48641 /* Task.swift in Sources */,
				B77A608F2219ED3F00D48641 /* TasksViewController.swift in Sources */,
				B7C0C6D4221B1BBF00BAC896 /* CompleteTaskViewController.swift in Sources */,
				B77A608D2219ED3F00D48641 /* AppDelegate.swift in Sources */,
				B77A60952219ED3F00D48641 /* Doit.xcdatamodeld in Sources */,
				B77A60A42219FD9300D48641 /* CreateTaskViewController.swift in Sources */,
			);
			runOnlyForDeploymentPostprocessing = 0;
		};
/* End PBXSourcesBuildPhase section */

/* Begin PBXVariantGroup section */
		B77A60902219ED3F00D48641 /* Main.storyboard */ = {
			isa = PBXVariantGroup;
			children = (
				B77A60912219ED3F00D48641 /* Base */,
			);
			name = Main.storyboard;
			sourceTree = "<group>";
		};
		B77A60982219ED4000D48641 /* LaunchScreen.storyboard */ = {
			isa = PBXVariantGroup;
			children = (
				B77A60992219ED4000D48641 /* Base */,
			);
			name = LaunchScreen.storyboard;
			sourceTree = "<group>";
		};
/* End PBXVariantGroup section */

/* Begin XCBuildConfiguration section */
		B77A609C2219ED4000D48641 /* Debug */ = {
			isa = XCBuildConfiguration;
			buildSettings = {
				ALWAYS_SEARCH_USER_PATHS = NO;
				CLANG_ANALYZER_NONNULL = YES;
				CLANG_ANALYZER_NUMBER_OBJECT_CONVERSION = YES_AGGRESSIVE;
				CLANG_CXX_LANGUAGE_STANDARD = "gnu++14";
				CLANG_CXX_LIBRARY = "libc++";
				CLANG_ENABLE_MODULES = YES;
				CLANG_ENABLE_OBJC_ARC = YES;
				CLANG_ENABLE_OBJC_WEAK = YES;
				CLANG_WARN_BLOCK_CAPTURE_AUTORELEASING = YES;
				CLANG_WARN_BOOL_CONVERSION = YES;
				CLANG_WARN_COMMA = YES;
				CLANG_WARN_CONSTANT_CONVERSION = YES;
				CLANG_WARN_DEPRECATED_OBJC_IMPLEMENTATIONS = YES;
				CLANG_WARN_DIRECT_OBJC_ISA_USAGE = YES_ERROR;
				CLANG_WARN_DOCUMENTATION_COMMENTS = YES;
				CLANG_WARN_EMPTY_BODY = YES;
				CLANG_WARN_ENUM_CONVERSION = YES;
				CLANG_WARN_INFINITE_RECURSION = YES;
				CLANG_WARN_INT_CONVERSION = YES;
				CLANG_WARN_NON_LITERAL_NULL_CONVERSION = YES;
				CLANG_WARN_OBJC_IMPLICIT_RETAIN_SELF = YES;
				CLANG_WARN_OBJC_LITERAL_CONVERSION = YES;
				CLANG_WARN_OBJC_ROOT_CLASS = YES_ERROR;
				CLANG_WARN_RANGE_LOOP_ANALYSIS = YES;
				CLANG_WARN_STRICT_PROTOTYPES = YES;
				CLANG_WARN_SUSPICIOUS_MOVE = YES;
				CLANG_WARN_UNGUARDED_AVAILABILITY = YES_AGGRESSIVE;
				CLANG_WARN_UNREACHABLE_CODE = YES;
				CLANG_WARN__DUPLICATE_METHOD_MATCH = YES;
				CODE_SIGN_IDENTITY = "iPhone Developer";
				COPY_PHASE_STRIP = NO;
				DEBUG_INFORMATION_FORMAT = dwarf;
				ENABLE_STRICT_OBJC_MSGSEND = YES;
				ENABLE_TESTABILITY = YES;
				GCC_C_LANGUAGE_STANDARD = gnu11;
				GCC_DYNAMIC_NO_PIC = NO;
				GCC_NO_COMMON_BLOCKS = YES;
				GCC_OPTIMIZATION_LEVEL = 0;
				GCC_PREPROCESSOR_DEFINITIONS = (
					"DEBUG=1",
					"$(inherited)",
				);
				GCC_WARN_64_TO_32_BIT_CONVERSION = YES;
				GCC_WARN_ABOUT_RETURN_TYPE = YES_ERROR;
				GCC_WARN_UNDECLARED_SELECTOR = YES;
				GCC_WARN_UNINITIALIZED_AUTOS = YES_AGGRESSIVE;
				GCC_WARN_UNUSED_FUNCTION = YES;
				GCC_WARN_UNUSED_VARIABLE = YES;
				IPHONEOS_DEPLOYMENT_TARGET = 12.1;
				MTL_ENABLE_DEBUG_INFO = INCLUDE_SOURCE;
				MTL_FAST_MATH = YES;
				ONLY_ACTIVE_ARCH = YES;
				SDKROOT = iphoneos;
				SWIFT_ACTIVE_COMPILATION_CONDITIONS = DEBUG;
				SWIFT_OPTIMIZATION_LEVEL = "-Onone";
			};
			name = Debug;
		};
		B77A609D2219ED4000D48641 /* Release */ = {
			isa = XCBuildConfiguration;
			buildSettings = {
				ALWAYS_SEARCH_USER_PATHS = NO;
				CLANG_ANALYZER_NONNULL = YES;
				CLANG_ANALYZER_NUMBER_OBJECT_CONVERSION = YES_AGGRESSIVE;
				CLANG_CXX_LANGUAGE_STANDARD = "gnu++14";
				CLANG_CXX_LIBRARY = "libc++";
				CLANG_ENABLE_MODULES = YES;
				CLANG_ENABLE_OBJC_ARC = YES;
				CLANG_ENABLE_OBJC_WEAK = YES;
				CLANG_WARN_BLOCK_CAPTURE_AUTORELEASING = YES;
				CLANG_WARN_BOOL_CONVERSION = YES;
				CLANG_WARN_COMMA = YES;
				CLANG_WARN_CONSTANT_CONVERSION = YES;
				CLANG_WARN_DEPRECATED_OBJC_IMPLEMENTATIONS = YES;
				CLANG_WARN_DIRECT_OBJC_ISA_USAGE = YES_ERROR;
				CLANG_WARN_DOCUMENTATION_COMMENTS = YES;
				CLANG_WARN_EMPTY_BODY = YES;
				CLANG_WARN_ENUM_CONVERSION = YES;
				CLANG_WARN_INFINITE_RECURSION = YES;
				CLANG_WARN_INT_CONVERSION = YES;
				CLANG_WARN_NON_LITERAL_NULL_CONVERSION = YES;
				CLANG_WARN_OBJC_IMPLICIT_RETAIN_SELF = YES;
				CLANG_WARN_OBJC_LITERAL_CONVERSION = YES;
				CLANG_WARN_OBJC_ROOT_CLASS = YES_ERROR;
				CLANG_WARN_RANGE_LOOP_ANALYSIS = YES;
				CLANG_WARN_STRICT_PROTOTYPES = YES;
				CLANG_WARN_SUSPICIOUS_MOVE = YES;
				CLANG_WARN_UNGUARDED_AVAILABILITY = YES_AGGRESSIVE;
				CLANG_WARN_UNREACHABLE_CODE = YES;
				CLANG_WARN__DUPLICATE_METHOD_MATCH = YES;
				CODE_SIGN_IDENTITY = "iPhone Developer";
				COPY_PHASE_STRIP = NO;
				DEBUG_INFORMATION_FORMAT = "dwarf-with-dsym";
				ENABLE_NS_ASSERTIONS = NO;
				ENABLE_STRICT_OBJC_MSGSEND = YES;
				GCC_C_LANGUAGE_STANDARD = gnu11;
				GCC_NO_COMMON_BLOCKS = YES;
				GCC_WARN_64_TO_32_BIT_CONVERSION = YES;
				GCC_WARN_ABOUT_RETURN_TYPE = YES_ERROR;
				GCC_WARN_UNDECLARED_SELECTOR = YES;
				GCC_WARN_UNINITIALIZED_AUTOS = YES_AGGRESSIVE;
				GCC_WARN_UNUSED_FUNCTION = YES;
				GCC_WARN_UNUSED_VARIABLE = YES;
				IPHONEOS_DEPLOYMENT_TARGET = 12.1;
				MTL_ENABLE_DEBUG_INFO = NO;
				MTL_FAST_MATH = YES;
				SDKROOT = iphoneos;
				SWIFT_COMPILATION_MODE = wholemodule;
				SWIFT_OPTIMIZATION_LEVEL = "-O";
				VALIDATE_PRODUCT = YES;
			};
			name = Release;
		};
		B77A609F2219ED4000D48641 /* Debug */ = {
			isa = XCBuildConfiguration;
			buildSettings = {
				ASSETCATALOG_COMPILER_APPICON_NAME = AppIcon;
				CODE_SIGN_STYLE = Automatic;
				INFOPLIST_FILE = Doit/Info.plist;
				LD_RUNPATH_SEARCH_PATHS = (
					"$(inherited)",
					"@executable_path/Frameworks",
				);
				PRODUCT_BUNDLE_IDENTIFIER = com.georgeandersen.Doit;
				PRODUCT_NAME = "$(TARGET_NAME)";
				SWIFT_VERSION = 4.2;
				TARGETED_DEVICE_FAMILY = "1,2";
			};
			name = Debug;
		};
		B77A60A02219ED4000D48641 /* Release */ = {
			isa = XCBuildConfiguration;
			buildSettings = {
				ASSETCATALOG_COMPILER_APPICON_NAME = AppIcon;
				CODE_SIGN_STYLE = Automatic;
				INFOPLIST_FILE = Doit/Info.plist;
				LD_RUNPATH_SEARCH_PATHS = (
					"$(inherited)",
					"@executable_path/Frameworks",
				);
				PRODUCT_BUNDLE_IDENTIFIER = com.georgeandersen.Doit;
				PRODUCT_NAME = "$(TARGET_NAME)";
				SWIFT_VERSION = 4.2;
				TARGETED_DEVICE_FAMILY = "1,2";
			};
			name = Release;
		};
/* End XCBuildConfiguration section */

/* Begin XCConfigurationList section */
		B77A60842219ED3E00D48641 /* Build configuration list for PBXProject "Doit" */ = {
			isa = XCConfigurationList;
			buildConfigurations = (
				B77A609C2219ED4000D48641 /* Debug */,
				B77A609D2219ED4000D48641 /* Release */,
			);
			defaultConfigurationIsVisible = 0;
			defaultConfigurationName = Release;
		};
		B77A609E2219ED4000D48641 /* Build configuration list for PBXNativeTarget "Doit" */ = {
			isa = XCConfigurationList;
			buildConfigurations = (
				B77A609F2219ED4000D48641 /* Debug */,
				B77A60A02219ED4000D48641 /* Release */,
			);
			defaultConfigurationIsVisible = 0;
			defaultConfigurationName = Release;
		};
/* End XCConfigurationList section */

/* Begin XCVersionGroup section */
		B77A60932219ED3F00D48641 /* Doit.xcdatamodeld */ = {
			isa = XCVersionGroup;
			children = (
				B77A60942219ED3F00D48641 /* Doit.xcdatamodel */,
			);
			currentVersion = B77A60942219ED3F00D48641 /* Doit.xcdatamodel */;
			path = Doit.xcdatamodeld;
			sourceTree = "<group>";
			versionGroupType = wrapper.xcdatamodel;
		};
/* End XCVersionGroup section */
	};
	rootObject = B77A60812219ED3E00D48641 /* Project object */;
}
